
Microsoft Visual Studio Solution File, Format Version 12.00
# Visual Studio Version 17
VisualStudioVersion = 17.0.31903.59
MinimumVisualStudioVersion = 10.0.40219.1
Project("{FAE04EC0-301F-11D3-BF4B-00C04F79EFBC}") = "api", "api\api.csproj", "{BB86BB4E-9686-4788-8854-755418FF1241}"
EndProject
Project("{FAE04EC0-301F-11D3-BF4B-00C04F79EFBC}") = "service1", "service1\service1.csproj", "{81FD0CDC-4864-45F0-9DE7-C4B096A755F5}"
EndProject
Project("{FAE04EC0-301F-11D3-BF4B-00C04F79EFBC}") = "service2", "service2\service2.csproj", "{7E69965A-8168-4469-9A76-2FA691EDC895}"
EndProject
Global
	GlobalSection(SolutionConfigurationPlatforms) = preSolution
		Debug|Any CPU = Debug|Any CPU
		Debug|x64 = Debug|x64
		Debug|x86 = Debug|x86
		Release|Any CPU = Release|Any CPU
		Release|x64 = Release|x64
		Release|x86 = Release|x86
	EndGlobalSection
	GlobalSection(ProjectConfigurationPlatforms) = postSolution
		{BB86BB4E-9686-4788-8854-755418FF1241}.Debug|Any CPU.ActiveCfg = Debug|Any CPU
		{BB86BB4E-9686-4788-8854-755418FF1241}.Debug|Any CPU.Build.0 = Debug|Any CPU
		{BB86BB4E-9686-4788-8854-755418FF1241}.Debug|x64.ActiveCfg = Debug|Any CPU
		{BB86BB4E-9686-4788-8854-755418FF1241}.Debug|x64.Build.0 = Debug|Any CPU
		{BB86BB4E-9686-4788-8854-755418FF1241}.Debug|x86.ActiveCfg = Debug|Any CPU
		{BB86BB4E-9686-4788-8854-755418FF1241}.Debug|x86.Build.0 = Debug|Any CPU
		{BB86BB4E-9686-4788-8854-755418FF1241}.Release|Any CPU.ActiveCfg = Release|Any CPU
		{BB86BB4E-9686-4788-8854-755418FF1241}.Release|Any CPU.Build.0 = Release|Any CPU
		{BB86BB4E-9686-4788-8854-755418FF1241}.Release|x64.ActiveCfg = Release|Any CPU
		{BB86BB4E-9686-4788-8854-755418FF1241}.Release|x64.Build.0 = Release|Any CPU
		{BB86BB4E-9686-4788-8854-755418FF1241}.Release|x86.ActiveCfg = Release|Any CPU
		{BB86BB4E-9686-4788-8854-755418FF1241}.Release|x86.Build.0 = Release|Any CPU
		{81FD0CDC-4864-45F0-9DE7-C4B096A755F5}.Debug|Any CPU.ActiveCfg = Debug|Any CPU
		{81FD0CDC-4864-45F0-9DE7-C4B096A755F5}.Debug|Any CPU.Build.0 = Debug|Any CPU
		{81FD0CDC-4864-45F0-9DE7-C4B096A755F5}.Debug|x64.ActiveCfg = Debug|Any CPU
		{81FD0CDC-4864-45F0-9DE7-C4B096A755F5}.Debug|x64.Build.0 = Debug|Any CPU
		{81FD0CDC-4864-45F0-9DE7-C4B096A755F5}.Debug|x86.ActiveCfg = Debug|Any CPU
		{81FD0CDC-4864-45F0-9DE7-C4B096A755F5}.Debug|x86.Build.0 = Debug|Any CPU
		{81FD0CDC-4864-45F0-9DE7-C4B096A755F5}.Release|Any CPU.ActiveCfg = Release|Any CPU
		{81FD0CDC-4864-45F0-9DE7-C4B096A755F5}.Release|Any CPU.Build.0 = Release|Any CPU
		{81FD0CDC-4864-45F0-9DE7-C4B096A755F5}.Release|x64.ActiveCfg = Release|Any CPU
		{81FD0CDC-4864-45F0-9DE7-C4B096A755F5}.Release|x64.Build.0 = Release|Any CPU
		{81FD0CDC-4864-45F0-9DE7-C4B096A755F5}.Release|x86.ActiveCfg = Release|Any CPU
		{81FD0CDC-4864-45F0-9DE7-C4B096A755F5}.Release|x86.Build.0 = Release|Any CPU
		{7E69965A-8168-4469-9A76-2FA691EDC895}.Debug|Any CPU.ActiveCfg = Debug|Any CPU
		{7E69965A-8168-4469-9A76-2FA691EDC895}.Debug|Any CPU.Build.0 = Debug|Any CPU
		{7E69965A-8168-4469-9A76-2FA691EDC895}.Debug|x64.ActiveCfg = Debug|Any CPU
		{7E69965A-8168-4469-9A76-2FA691EDC895}.Debug|x64.Build.0 = Debug|Any CPU
		{7E69965A-8168-4469-9A76-2FA691EDC895}.Debug|x86.ActiveCfg = Debug|Any CPU
		{7E69965A-8168-4469-9A76-2FA691EDC895}.Debug|x86.Build.0 = Debug|Any CPU
		{7E69965A-8168-4469-9A76-2FA691EDC895}.Release|Any CPU.ActiveCfg = Release|Any CPU
		{7E69965A-8168-4469-9A76-2FA691EDC895}.Release|Any CPU.Build.0 = Release|Any CPU
		{7E69965A-8168-4469-9A76-2FA691EDC895}.Release|x64.ActiveCfg = Release|Any CPU
		{7E69965A-8168-4469-9A76-2FA691EDC895}.Release|x64.Build.0 = Release|Any CPU
		{7E69965A-8168-4469-9A76-2FA691EDC895}.Release|x86.ActiveCfg = Release|Any CPU
		{7E69965A-8168-4469-9A76-2FA691EDC895}.Release|x86.Build.0 = Release|Any CPU
	EndGlobalSection
	GlobalSection(SolutionProperties) = preSolution
		HideSolutionNode = FALSE
	EndGlobalSection
EndGlobal
